prepare:
  cmd: python3 pipeline/make_test_set.py
  deps:
  - path: dataset/data_raw.txt
    md5: 3b48f03d29b6dd2d45fb8170ddcffbed
    size: 620386
  - path: pipeline/make_test_set.py
    md5: 4a8cb0f840c85987497fd92bb56fbcb6
    size: 627
  outs:
  - path: artifacts/test_set.tsv
    md5: f4294297be2cae6205990c154dd60a1b
    size: 45787
attack:
  cmd: python3 pipeline/run_perturbation_test.py
  deps:
  - path: artifacts/test_set.tsv
    md5: f4294297be2cae6205990c154dd60a1b
    size: 45787
  - path: pipeline/run_perturbation_test.py
    md5: dff5c79ae0e42219a25d5ab2f493d369
    size: 2022
  outs:
  - path: artifacts/test_scores.json
    md5: 940319c9817c9e1bf4bf981174012856
    size: 61
  - path: artifacts/top_perturbations.txt
    md5: 1c56dd42c36376967cc604c813715f73
    size: 1245
